
Microsoft Visual Studio Solution File, Format Version 12.00
# Visual Studio Version 16
VisualStudioVersion = 16.0.32126.315
MinimumVisualStudioVersion = 10.0.40219.1
Project("{FAE04EC0-301F-11D3-BF4B-00C04F79EFBC}") = "AppTriLocCam.UWP", "AppTriLocCam.UWP\AppTriLocCam.UWP.csproj", "{8134BF4E-56D6-4B3F-BF25-A44ADB7523AF}"
EndProject
Project("{FAE04EC0-301F-11D3-BF4B-00C04F79EFBC}") = "AppTriLocCam.Android", "AppTriLocCam.Android\AppTriLocCam.Android.csproj", "{6D26623B-3826-41FD-A540-DA374A101648}"
EndProject
Project("{FAE04EC0-301F-11D3-BF4B-00C04F79EFBC}") = "AppTriLocCam.iOS", "AppTriLocCam.iOS\AppTriLocCam.iOS.csproj", "{9696F40E-CCF2-4B68-A849-C8F89C70DD70}"
EndProject
Project("{FAE04EC0-301F-11D3-BF4B-00C04F79EFBC}") = "AppTriLocCam", "AppTriLocCam\AppTriLocCam.csproj", "{07D3553E-6CDE-4D29-9316-1A0D65F0EBD4}"
EndProject
Global
	GlobalSection(SolutionConfigurationPlatforms) = preSolution
		Debug|Any CPU = Debug|Any CPU
		Debug|ARM = Debug|ARM
		Debug|iPhone = Debug|iPhone
		Debug|iPhoneSimulator = Debug|iPhoneSimulator
		Debug|x64 = Debug|x64
		Debug|x86 = Debug|x86
		Release|Any CPU = Release|Any CPU
		Release|ARM = Release|ARM
		Release|iPhone = Release|iPhone
		Release|iPhoneSimulator = Release|iPhoneSimulator
		Release|x64 = Release|x64
		Release|x86 = Release|x86
	EndGlobalSection
	GlobalSection(ProjectConfigurationPlatforms) = postSolution
		{8134BF4E-56D6-4B3F-BF25-A44ADB7523AF}.Debug|Any CPU.ActiveCfg = Debug|x86
		{8134BF4E-56D6-4B3F-BF25-A44ADB7523AF}.Debug|Any CPU.Build.0 = Debug|x86
		{8134BF4E-56D6-4B3F-BF25-A44ADB7523AF}.Debug|Any CPU.Deploy.0 = Debug|x86
		{8134BF4E-56D6-4B3F-BF25-A44ADB7523AF}.Debug|ARM.ActiveCfg = Debug|ARM
		{8134BF4E-56D6-4B3F-BF25-A44ADB7523AF}.Debug|ARM.Build.0 = Debug|ARM
		{8134BF4E-56D6-4B3F-BF25-A44ADB7523AF}.Debug|ARM.Deploy.0 = Debug|ARM
		{8134BF4E-56D6-4B3F-BF25-A44ADB7523AF}.Debug|iPhone.ActiveCfg = Debug|x86
		{8134BF4E-56D6-4B3F-BF25-A44ADB7523AF}.Debug|iPhone.Build.0 = Debug|x86
		{8134BF4E-56D6-4B3F-BF25-A44ADB7523AF}.Debug|iPhone.Deploy.0 = Debug|x86
		{8134BF4E-56D6-4B3F-BF25-A44ADB7523AF}.Debug|iPhoneSimulator.ActiveCfg = Debug|x86
		{8134BF4E-56D6-4B3F-BF25-A44ADB7523AF}.Debug|iPhoneSimulator.Build.0 = Debug|x86
		{8134BF4E-56D6-4B3F-BF25-A44ADB7523AF}.Debug|iPhoneSimulator.Deploy.0 = Debug|x86
		{8134BF4E-56D6-4B3F-BF25-A44ADB7523AF}.Debug|x64.ActiveCfg = Debug|x64
		{8134BF4E-56D6-4B3F-BF25-A44ADB7523AF}.Debug|x64.Build.0 = Debug|x64
		{8134BF4E-56D6-4B3F-BF25-A44ADB7523AF}.Debug|x64.Deploy.0 = Debug|x64
		{8134BF4E-56D6-4B3F-BF25-A44ADB7523AF}.Debug|x86.ActiveCfg = Debug|x86
		{8134BF4E-56D6-4B3F-BF25-A44ADB7523AF}.Debug|x86.Build.0 = Debug|x86
		{8134BF4E-56D6-4B3F-BF25-A44ADB7523AF}.Debug|x86.Deploy.0 = Debug|x86
		{8134BF4E-56D6-4B3F-BF25-A44ADB7523AF}.Release|Any CPU.ActiveCfg = Release|x86
		{8134BF4E-56D6-4B3F-BF25-A44ADB7523AF}.Release|Any CPU.Build.0 = Release|x86
		{8134BF4E-56D6-4B3F-BF25-A44ADB7523AF}.Release|Any CPU.Deploy.0 = Release|x86
		{8134BF4E-56D6-4B3F-BF25-A44ADB7523AF}.Release|ARM.ActiveCfg = Release|ARM
		{8134BF4E-56D6-4B3F-BF25-A44ADB7523AF}.Release|ARM.Build.0 = Release|ARM
		{8134BF4E-56D6-4B3F-BF25-A44ADB7523AF}.Release|ARM.Deploy.0 = Release|ARM
		{8134BF4E-56D6-4B3F-BF25-A44ADB7523AF}.Release|iPhone.ActiveCfg = Release|x86
		{8134BF4E-56D6-4B3F-BF25-A44ADB7523AF}.Release|iPhone.Build.0 = Release|x86
		{8134BF4E-56D6-4B3F-BF25-A44ADB7523AF}.Release|iPhone.Deploy.0 = Release|x86
		{8134BF4E-56D6-4B3F-BF25-A44ADB7523AF}.Release|iPhoneSimulator.ActiveCfg = Release|x86
		{8134BF4E-56D6-4B3F-BF25-A44ADB7523AF}.Release|iPhoneSimulator.Build.0 = Release|x86
		{8134BF4E-56D6-4B3F-BF25-A44ADB7523AF}.Release|iPhoneSimulator.Deploy.0 = Release|x86
		{8134BF4E-56D6-4B3F-BF25-A44ADB7523AF}.Release|x64.ActiveCfg = Release|x64
		{8134BF4E-56D6-4B3F-BF25-A44ADB7523AF}.Release|x64.Build.0 = Release|x64
		{8134BF4E-56D6-4B3F-BF25-A44ADB7523AF}.Release|x64.Deploy.0 = Release|x64
		{8134BF4E-56D6-4B3F-BF25-A44ADB7523AF}.Release|x86.ActiveCfg = Release|x86
		{8134BF4E-56D6-4B3F-BF25-A44ADB7523AF}.Release|x86.Build.0 = Release|x86
		{8134BF4E-56D6-4B3F-BF25-A44ADB7523AF}.Release|x86.Deploy.0 = Release|x86
		{6D26623B-3826-41FD-A540-DA374A101648}.Debug|Any CPU.ActiveCfg = Debug|Any CPU
		{6D26623B-3826-41FD-A540-DA374A101648}.Debug|Any CPU.Build.0 = Debug|Any CPU
		{6D26623B-3826-41FD-A540-DA374A101648}.Debug|Any CPU.Deploy.0 = Debug|Any CPU
		{6D26623B-3826-41FD-A540-DA374A101648}.Debug|ARM.ActiveCfg = Debug|Any CPU
		{6D26623B-3826-41FD-A540-DA374A101648}.Debug|ARM.Build.0 = Debug|Any CPU
		{6D26623B-3826-41FD-A540-DA374A101648}.Debug|ARM.Deploy.0 = Debug|Any CPU
		{6D26623B-3826-41FD-A540-DA374A101648}.Debug|iPhone.ActiveCfg = Debug|Any CPU
		{6D26623B-3826-41FD-A540-DA374A101648}.Debug|iPhone.Build.0 = Debug|Any CPU
		{6D26623B-3826-41FD-A540-DA374A101648}.Debug|iPhone.Deploy.0 = Debug|Any CPU
		{6D26623B-3826-41FD-A540-DA374A101648}.Debug|iPhoneSimulator.ActiveCfg = Debug|Any CPU
		{6D26623B-3826-41FD-A540-DA374A101648}.Debug|iPhoneSimulator.Build.0 = Debug|Any CPU
		{6D26623B-3826-41FD-A540-DA374A101648}.Debug|iPhoneSimulator.Deploy.0 = Debug|Any CPU
		{6D26623B-3826-41FD-A540-DA374A101648}.Debug|x64.ActiveCfg = Debug|Any CPU
		{6D26623B-3826-41FD-A540-DA374A101648}.Debug|x64.Build.0 = Debug|Any CPU
		{6D26623B-3826-41FD-A540-DA374A101648}.Debug|x64.Deploy.0 = Debug|Any CPU
		{6D26623B-3826-41FD-A540-DA374A101648}.Debug|x86.ActiveCfg = Debug|Any CPU
		{6D26623B-3826-41FD-A540-DA374A101648}.Debug|x86.Build.0 = Debug|Any CPU
		{6D26623B-3826-41FD-A540-DA374A101648}.Debug|x86.Deploy.0 = Debug|Any CPU
		{6D26623B-3826-41FD-A540-DA374A101648}.Release|Any CPU.ActiveCfg = Release|Any CPU
		{6D26623B-3826-41FD-A540-DA374A101648}.Release|Any CPU.Build.0 = Release|Any CPU
		{6D26623B-3826-41FD-A540-DA374A101648}.Release|Any CPU.Deploy.0 = Release|Any CPU
		{6D26623B-3826-41FD-A540-DA374A101648}.Release|ARM.ActiveCfg = Release|Any CPU
		{6D26623B-3826-41FD-A540-DA374A101648}.Release|ARM.Build.0 = Release|Any CPU
		{6D26623B-3826-41FD-A540-DA374A101648}.Release|ARM.Deploy.0 = Release|Any CPU
		{6D26623B-3826-41FD-A540-DA374A101648}.Release|iPhone.ActiveCfg = Release|Any CPU
		{6D26623B-3826-41FD-A540-DA374A101648}.Release|iPhone.Build.0 = Release|Any CPU
		{6D26623B-3826-41FD-A540-DA374A101648}.Release|iPhone.Deploy.0 = Release|Any CPU
		{6D26623B-3826-41FD-A540-DA374A101648}.Release|iPhoneSimulator.ActiveCfg = Release|Any CPU
		{6D26623B-3826-41FD-A540-DA374A101648}.Release|iPhoneSimulator.Build.0 = Release|Any CPU
		{6D26623B-3826-41FD-A540-DA374A101648}.Release|iPhoneSimulator.Deploy.0 = Release|Any CPU
		{6D26623B-3826-41FD-A540-DA374A101648}.Release|x64.ActiveCfg = Release|Any CPU
		{6D26623B-3826-41FD-A540-DA374A101648}.Release|x64.Build.0 = Release|Any CPU
		{6D26623B-3826-41FD-A540-DA374A101648}.Release|x64.Deploy.0 = Release|Any CPU
		{6D26623B-3826-41FD-A540-DA374A101648}.Release|x86.ActiveCfg = Release|Any CPU
		{6D26623B-3826-41FD-A540-DA374A101648}.Release|x86.Build.0 = Release|Any CPU
		{6D26623B-3826-41FD-A540-DA374A101648}.Release|x86.Deploy.0 = Release|Any CPU
		{9696F40E-CCF2-4B68-A849-C8F89C70DD70}.Debug|Any CPU.ActiveCfg = Debug|iPhoneSimulator
		{9696F40E-CCF2-4B68-A849-C8F89C70DD70}.Debug|Any CPU.Build.0 = Debug|iPhoneSimulator
		{9696F40E-CCF2-4B68-A849-C8F89C70DD70}.Debug|Any CPU.Deploy.0 = Debug|iPhoneSimulator
		{9696F40E-CCF2-4B68-A849-C8F89C70DD70}.Debug|ARM.ActiveCfg = Debug|iPhone
		{9696F40E-CCF2-4B68-A849-C8F89C70DD70}.Debug|ARM.Build.0 = Debug|iPhone
		{9696F40E-CCF2-4B68-A849-C8F89C70DD70}.Debug|ARM.Deploy.0 = Debug|iPhone
		{9696F40E-CCF2-4B68-A849-C8F89C70DD70}.Debug|iPhone.ActiveCfg = Debug|iPhone
		{9696F40E-CCF2-4B68-A849-C8F89C70DD70}.Debug|iPhone.Build.0 = Debug|iPhone
		{9696F40E-CCF2-4B68-A849-C8F89C70DD70}.Debug|iPhone.Deploy.0 = Debug|iPhone
		{9696F40E-CCF2-4B68-A849-C8F89C70DD70}.Debug|iPhoneSimulator.ActiveCfg = Debug|iPhoneSimulator
		{9696F40E-CCF2-4B68-A849-C8F89C70DD70}.Debug|iPhoneSimulator.Build.0 = Debug|iPhoneSimulator
		{9696F40E-CCF2-4B68-A849-C8F89C70DD70}.Debug|iPhoneSimulator.Deploy.0 = Debug|iPhoneSimulator
		{9696F40E-CCF2-4B68-A849-C8F89C70DD70}.Debug|x64.ActiveCfg = Debug|iPhoneSimulator
		{9696F40E-CCF2-4B68-A849-C8F89C70DD70}.Debug|x64.Build.0 = Debug|iPhoneSimulator
		{9696F40E-CCF2-4B68-A849-C8F89C70DD70}.Debug|x64.Deploy.0 = Debug|iPhoneSimulator
		{9696F40E-CCF2-4B68-A849-C8F89C70DD70}.Debug|x86.ActiveCfg = Debug|iPhoneSimulator
		{9696F40E-CCF2-4B68-A849-C8F89C70DD70}.Debug|x86.Build.0 = Debug|iPhoneSimulator
		{9696F40E-CCF2-4B68-A849-C8F89C70DD70}.Debug|x86.Deploy.0 = Debug|iPhoneSimulator
		{9696F40E-CCF2-4B68-A849-C8F89C70DD70}.Release|Any CPU.ActiveCfg = Release|iPhoneSimulator
		{9696F40E-CCF2-4B68-A849-C8F89C70DD70}.Release|Any CPU.Build.0 = Release|iPhoneSimulator
		{9696F40E-CCF2-4B68-A849-C8F89C70DD70}.Release|Any CPU.Deploy.0 = Release|iPhoneSimulator
		{9696F40E-CCF2-4B68-A849-C8F89C70DD70}.Release|ARM.ActiveCfg = Release|iPhoneSimulator
		{9696F40E-CCF2-4B68-A849-C8F89C70DD70}.Release|ARM.Build.0 = Release|iPhoneSimulator
		{9696F40E-CCF2-4B68-A849-C8F89C70DD70}.Release|ARM.Deploy.0 = Release|iPhoneSimulator
		{9696F40E-CCF2-4B68-A849-C8F89C70DD70}.Release|iPhone.ActiveCfg = Release|iPhone
		{9696F40E-CCF2-4B68-A849-C8F89C70DD70}.Release|iPhone.Build.0 = Release|iPhone
		{9696F40E-CCF2-4B68-A849-C8F89C70DD70}.Release|iPhone.Deploy.0 = Release|iPhone
		{9696F40E-CCF2-4B68-A849-C8F89C70DD70}.Release|iPhoneSimulator.ActiveCfg = Release|iPhoneSimulator
		{9696F40E-CCF2-4B68-A849-C8F89C70DD70}.Release|iPhoneSimulator.Build.0 = Release|iPhoneSimulator
		{9696F40E-CCF2-4B68-A849-C8F89C70DD70}.Release|iPhoneSimulator.Deploy.0 = Release|iPhoneSimulator
		{9696F40E-CCF2-4B68-A849-C8F89C70DD70}.Release|x64.ActiveCfg = Release|iPhoneSimulator
		{9696F40E-CCF2-4B68-A849-C8F89C70DD70}.Release|x64.Build.0 = Release|iPhoneSimulator
		{9696F40E-CCF2-4B68-A849-C8F89C70DD70}.Release|x64.Deploy.0 = Release|iPhoneSimulator
		{9696F40E-CCF2-4B68-A849-C8F89C70DD70}.Release|x86.ActiveCfg = Release|iPhoneSimulator
		{9696F40E-CCF2-4B68-A849-C8F89C70DD70}.Release|x86.Build.0 = Release|iPhoneSimulator
		{9696F40E-CCF2-4B68-A849-C8F89C70DD70}.Release|x86.Deploy.0 = Release|iPhoneSimulator
		{07D3553E-6CDE-4D29-9316-1A0D65F0EBD4}.Debug|Any CPU.ActiveCfg = Debug|Any CPU
		{07D3553E-6CDE-4D29-9316-1A0D65F0EBD4}.Debug|Any CPU.Build.0 = Debug|Any CPU
		{07D3553E-6CDE-4D29-9316-1A0D65F0EBD4}.Debug|Any CPU.Deploy.0 = Debug|Any CPU
		{07D3553E-6CDE-4D29-9316-1A0D65F0EBD4}.Debug|ARM.ActiveCfg = Debug|Any CPU
		{07D3553E-6CDE-4D29-9316-1A0D65F0EBD4}.Debug|ARM.Build.0 = Debug|Any CPU
		{07D3553E-6CDE-4D29-9316-1A0D65F0EBD4}.Debug|ARM.Deploy.0 = Debug|Any CPU
		{07D3553E-6CDE-4D29-9316-1A0D65F0EBD4}.Debug|iPhone.ActiveCfg = Debug|Any CPU
		{07D3553E-6CDE-4D29-9316-1A0D65F0EBD4}.Debug|iPhone.Build.0 = Debug|Any CPU
		{07D3553E-6CDE-4D29-9316-1A0D65F0EBD4}.Debug|iPhone.Deploy.0 = Debug|Any CPU
		{07D3553E-6CDE-4D29-9316-1A0D65F0EBD4}.Debug|iPhoneSimulator.ActiveCfg = Debug|Any CPU
		{07D3553E-6CDE-4D29-9316-1A0D65F0EBD4}.Debug|iPhoneSimulator.Build.0 = Debug|Any CPU
		{07D3553E-6CDE-4D29-9316-1A0D65F0EBD4}.Debug|iPhoneSimulator.Deploy.0 = Debug|Any CPU
		{07D3553E-6CDE-4D29-9316-1A0D65F0EBD4}.Debug|x64.ActiveCfg = Debug|Any CPU
		{07D3553E-6CDE-4D29-9316-1A0D65F0EBD4}.Debug|x64.Build.0 = Debug|Any CPU
		{07D3553E-6CDE-4D29-9316-1A0D65F0EBD4}.Debug|x64.Deploy.0 = Debug|Any CPU
		{07D3553E-6CDE-4D29-9316-1A0D65F0EBD4}.Debug|x86.ActiveCfg = Debug|Any CPU
		{07D3553E-6CDE-4D29-9316-1A0D65F0EBD4}.Debug|x86.Build.0 = Debug|Any CPU
		{07D3553E-6CDE-4D29-9316-1A0D65F0EBD4}.Debug|x86.Deploy.0 = Debug|Any CPU
		{07D3553E-6CDE-4D29-9316-1A0D65F0EBD4}.Release|Any CPU.ActiveCfg = Release|Any CPU
		{07D3553E-6CDE-4D29-9316-1A0D65F0EBD4}.Release|Any CPU.Build.0 = Release|Any CPU
		{07D3553E-6CDE-4D29-9316-1A0D65F0EBD4}.Release|Any CPU.Deploy.0 = Release|Any CPU
		{07D3553E-6CDE-4D29-9316-1A0D65F0EBD4}.Release|ARM.ActiveCfg = Release|Any CPU
		{07D3553E-6CDE-4D29-9316-1A0D65F0EBD4}.Release|ARM.Build.0 = Release|Any CPU
		{07D3553E-6CDE-4D29-9316-1A0D65F0EBD4}.Release|ARM.Deploy.0 = Release|Any CPU
		{07D3553E-6CDE-4D29-9316-1A0D65F0EBD4}.Release|iPhone.ActiveCfg = Release|Any CPU
		{07D3553E-6CDE-4D29-9316-1A0D65F0EBD4}.Release|iPhone.Build.0 = Release|Any CPU
		{07D3553E-6CDE-4D29-9316-1A0D65F0EBD4}.Release|iPhone.Deploy.0 = Release|Any CPU
		{07D3553E-6CDE-4D29-9316-1A0D65F0EBD4}.Release|iPhoneSimulator.ActiveCfg = Release|Any CPU
		{07D3553E-6CDE-4D29-9316-1A0D65F0EBD4}.Release|iPhoneSimulator.Build.0 = Release|Any CPU
		{07D3553E-6CDE-4D29-9316-1A0D65F0EBD4}.Release|iPhoneSimulator.Deploy.0 = Release|Any CPU
		{07D3553E-6CDE-4D29-9316-1A0D65F0EBD4}.Release|x64.ActiveCfg = Release|Any CPU
		{07D3553E-6CDE-4D29-9316-1A0D65F0EBD4}.Release|x64.Build.0 = Release|Any CPU
		{07D3553E-6CDE-4D29-9316-1A0D65F0EBD4}.Release|x64.Deploy.0 = Release|Any CPU
		{07D3553E-6CDE-4D29-9316-1A0D65F0EBD4}.Release|x86.ActiveCfg = Release|Any CPU
		{07D3553E-6CDE-4D29-9316-1A0D65F0EBD4}.Release|x86.Build.0 = Release|Any CPU
		{07D3553E-6CDE-4D29-9316-1A0D65F0EBD4}.Release|x86.Deploy.0 = Release|Any CPU
	EndGlobalSection
	GlobalSection(SolutionProperties) = preSolution
		HideSolutionNode = FALSE
	EndGlobalSection
	GlobalSection(ExtensibilityGlobals) = postSolution
		SolutionGuid = {C72299FF-AF64-4E4F-8068-956CF8624295}
	EndGlobalSection
EndGlobal
